
Microsoft Visual Studio Solution File, Format Version 12.00
# Visual Studio 15
Project("{FAE04EC0-301F-11D3-BF4B-00C04F79EFBC}") = "Assembly-CSharp-Editor", "Assembly-CSharp-Editor.csproj", "{E89339B5-D373-B212-1FD5-9130DEA5ACA6}"
EndProject
Project("{FAE04EC0-301F-11D3-BF4B-00C04F79EFBC}") = "Zenject", "Zenject.csproj", "{3B4F87DF-EDA5-BBDE-4AF8-A505F219F518}"
EndProject
Project("{FAE04EC0-301F-11D3-BF4B-00C04F79EFBC}") = "Zenject-IntegrationTests", "Zenject-IntegrationTests.csproj", "{7768FC86-276F-8394-ED75-69E44FE7495B}"
EndProject
Project("{FAE04EC0-301F-11D3-BF4B-00C04F79EFBC}") = "UniRx", "UniRx.csproj", "{537F5CA5-2903-EB45-7EAC-FCEDDBB86989}"
EndProject
Project("{FAE04EC0-301F-11D3-BF4B-00C04F79EFBC}") = "Zenject-IntegrationTests-Editor", "Zenject-IntegrationTests-Editor.csproj", "{40210D59-3DEB-57BB-ACB4-BBC729E4558C}"
EndProject
Project("{FAE04EC0-301F-11D3-BF4B-00C04F79EFBC}") = "Assembly-CSharp", "Assembly-CSharp.csproj", "{854733A0-8F1E-2A8E-7EB5-2AFC24F4A521}"
EndProject
Project("{FAE04EC0-301F-11D3-BF4B-00C04F79EFBC}") = "CW.Common", "CW.Common.csproj", "{6202FC77-FAD7-162D-FD33-F3266D0D4602}"
EndProject
Project("{FAE04EC0-301F-11D3-BF4B-00C04F79EFBC}") = "LeanLocalization", "LeanLocalization.csproj", "{9796B59A-EC25-0F8C-F951-96370F3297D9}"
EndProject
Project("{FAE04EC0-301F-11D3-BF4B-00C04F79EFBC}") = "Zenject-ReflectionBaking-Editor", "Zenject-ReflectionBaking-Editor.csproj", "{3F46B92F-1192-E429-D77A-7FFCFA4A11D9}"
EndProject
Project("{FAE04EC0-301F-11D3-BF4B-00C04F79EFBC}") = "LeanCommon", "LeanCommon.csproj", "{4C0F49EC-CA47-FC25-6530-00B76BA4A8E4}"
EndProject
Project("{FAE04EC0-301F-11D3-BF4B-00C04F79EFBC}") = "Zenject-UnitTests-Editor", "Zenject-UnitTests-Editor.csproj", "{3F2CDB1B-74E1-586B-F59B-854C13D60640}"
EndProject
Project("{FAE04EC0-301F-11D3-BF4B-00C04F79EFBC}") = "Zenject-Editor", "Zenject-Editor.csproj", "{4C8F08F2-2E7F-C457-A333-4F389F8D4C5B}"
EndProject
Project("{FAE04EC0-301F-11D3-BF4B-00C04F79EFBC}") = "LeanLocalization.TMP", "LeanLocalization.TMP.csproj", "{CE46DF08-AA09-7D75-9270-D1631A4A05DD}"
EndProject
Project("{FAE04EC0-301F-11D3-BF4B-00C04F79EFBC}") = "Zenject-TestFramework", "Zenject-TestFramework.csproj", "{77E467DE-A83C-9E69-0847-02F281A25FB0}"
EndProject
Project("{FAE04EC0-301F-11D3-BF4B-00C04F79EFBC}") = "Zenject-PoolMonitor-Editor", "Zenject-PoolMonitor-Editor.csproj", "{DFAC384E-C595-9C12-D240-328AB5BEBC75}"
EndProject
Project("{FAE04EC0-301F-11D3-BF4B-00C04F79EFBC}") = "LeanLocalizationEditor", "LeanLocalizationEditor.csproj", "{90202574-759D-5143-ECA3-F3912098B194}"
EndProject
Global
	GlobalSection(SolutionConfigurationPlatforms) = preSolution
		Debug|Any CPU = Debug|Any CPU
		Release|Any CPU = Release|Any CPU
	EndGlobalSection
	GlobalSection(ProjectConfigurationPlatforms) = postSolution
		{E89339B5-D373-B212-1FD5-9130DEA5ACA6}.Debug|Any CPU.ActiveCfg = Debug|Any CPU
		{E89339B5-D373-B212-1FD5-9130DEA5ACA6}.Debug|Any CPU.Build.0 = Debug|Any CPU
		{E89339B5-D373-B212-1FD5-9130DEA5ACA6}.Release|Any CPU.ActiveCfg = Release|Any CPU
		{E89339B5-D373-B212-1FD5-9130DEA5ACA6}.Release|Any CPU.Build.0 = Release|Any CPU
		{3B4F87DF-EDA5-BBDE-4AF8-A505F219F518}.Debug|Any CPU.ActiveCfg = Debug|Any CPU
		{3B4F87DF-EDA5-BBDE-4AF8-A505F219F518}.Debug|Any CPU.Build.0 = Debug|Any CPU
		{3B4F87DF-EDA5-BBDE-4AF8-A505F219F518}.Release|Any CPU.ActiveCfg = Release|Any CPU
		{3B4F87DF-EDA5-BBDE-4AF8-A505F219F518}.Release|Any CPU.Build.0 = Release|Any CPU
		{7768FC86-276F-8394-ED75-69E44FE7495B}.Debug|Any CPU.ActiveCfg = Debug|Any CPU
		{7768FC86-276F-8394-ED75-69E44FE7495B}.Debug|Any CPU.Build.0 = Debug|Any CPU
		{7768FC86-276F-8394-ED75-69E44FE7495B}.Release|Any CPU.ActiveCfg = Release|Any CPU
		{7768FC86-276F-8394-ED75-69E44FE7495B}.Release|Any CPU.Build.0 = Release|Any CPU
		{537F5CA5-2903-EB45-7EAC-FCEDDBB86989}.Debug|Any CPU.ActiveCfg = Debug|Any CPU
		{537F5CA5-2903-EB45-7EAC-FCEDDBB86989}.Debug|Any CPU.Build.0 = Debug|Any CPU
		{537F5CA5-2903-EB45-7EAC-FCEDDBB86989}.Release|Any CPU.ActiveCfg = Release|Any CPU
		{537F5CA5-2903-EB45-7EAC-FCEDDBB86989}.Release|Any CPU.Build.0 = Release|Any CPU
		{40210D59-3DEB-57BB-ACB4-BBC729E4558C}.Debug|Any CPU.ActiveCfg = Debug|Any CPU
		{40210D59-3DEB-57BB-ACB4-BBC729E4558C}.Debug|Any CPU.Build.0 = Debug|Any CPU
		{40210D59-3DEB-57BB-ACB4-BBC729E4558C}.Release|Any CPU.ActiveCfg = Release|Any CPU
		{40210D59-3DEB-57BB-ACB4-BBC729E4558C}.Release|Any CPU.Build.0 = Release|Any CPU
		{854733A0-8F1E-2A8E-7EB5-2AFC24F4A521}.Debug|Any CPU.ActiveCfg = Debug|Any CPU
		{854733A0-8F1E-2A8E-7EB5-2AFC24F4A521}.Debug|Any CPU.Build.0 = Debug|Any CPU
		{854733A0-8F1E-2A8E-7EB5-2AFC24F4A521}.Release|Any CPU.ActiveCfg = Release|Any CPU
		{854733A0-8F1E-2A8E-7EB5-2AFC24F4A521}.Release|Any CPU.Build.0 = Release|Any CPU
		{6202FC77-FAD7-162D-FD33-F3266D0D4602}.Debug|Any CPU.ActiveCfg = Debug|Any CPU
		{6202FC77-FAD7-162D-FD33-F3266D0D4602}.Debug|Any CPU.Build.0 = Debug|Any CPU
		{6202FC77-FAD7-162D-FD33-F3266D0D4602}.Release|Any CPU.ActiveCfg = Release|Any CPU
		{6202FC77-FAD7-162D-FD33-F3266D0D4602}.Release|Any CPU.Build.0 = Release|Any CPU
		{9796B59A-EC25-0F8C-F951-96370F3297D9}.Debug|Any CPU.ActiveCfg = Debug|Any CPU
		{9796B59A-EC25-0F8C-F951-96370F3297D9}.Debug|Any CPU.Build.0 = Debug|Any CPU
		{9796B59A-EC25-0F8C-F951-96370F3297D9}.Release|Any CPU.ActiveCfg = Release|Any CPU
		{9796B59A-EC25-0F8C-F951-96370F3297D9}.Release|Any CPU.Build.0 = Release|Any CPU
		{3F46B92F-1192-E429-D77A-7FFCFA4A11D9}.Debug|Any CPU.ActiveCfg = Debug|Any CPU
		{3F46B92F-1192-E429-D77A-7FFCFA4A11D9}.Debug|Any CPU.Build.0 = Debug|Any CPU
		{3F46B92F-1192-E429-D77A-7FFCFA4A11D9}.Release|Any CPU.ActiveCfg = Release|Any CPU
		{3F46B92F-1192-E429-D77A-7FFCFA4A11D9}.Release|Any CPU.Build.0 = Release|Any CPU
		{4C0F49EC-CA47-FC25-6530-00B76BA4A8E4}.Debug|Any CPU.ActiveCfg = Debug|Any CPU
		{4C0F49EC-CA47-FC25-6530-00B76BA4A8E4}.Debug|Any CPU.Build.0 = Debug|Any CPU
		{4C0F49EC-CA47-FC25-6530-00B76BA4A8E4}.Release|Any CPU.ActiveCfg = Release|Any CPU
		{4C0F49EC-CA47-FC25-6530-00B76BA4A8E4}.Release|Any CPU.Build.0 = Release|Any CPU
		{3F2CDB1B-74E1-586B-F59B-854C13D60640}.Debug|Any CPU.ActiveCfg = Debug|Any CPU
		{3F2CDB1B-74E1-586B-F59B-854C13D60640}.Debug|Any CPU.Build.0 = Debug|Any CPU
		{3F2CDB1B-74E1-586B-F59B-854C13D60640}.Release|Any CPU.ActiveCfg = Release|Any CPU
		{3F2CDB1B-74E1-586B-F59B-854C13D60640}.Release|Any CPU.Build.0 = Release|Any CPU
		{4C8F08F2-2E7F-C457-A333-4F389F8D4C5B}.Debug|Any CPU.ActiveCfg = Debug|Any CPU
		{4C8F08F2-2E7F-C457-A333-4F389F8D4C5B}.Debug|Any CPU.Build.0 = Debug|Any CPU
		{4C8F08F2-2E7F-C457-A333-4F389F8D4C5B}.Release|Any CPU.ActiveCfg = Release|Any CPU
		{4C8F08F2-2E7F-C457-A333-4F389F8D4C5B}.Release|Any CPU.Build.0 = Release|Any CPU
		{CE46DF08-AA09-7D75-9270-D1631A4A05DD}.Debug|Any CPU.ActiveCfg = Debug|Any CPU
		{CE46DF08-AA09-7D75-9270-D1631A4A05DD}.Debug|Any CPU.Build.0 = Debug|Any CPU
		{CE46DF08-AA09-7D75-9270-D1631A4A05DD}.Release|Any CPU.ActiveCfg = Release|Any CPU
		{CE46DF08-AA09-7D75-9270-D1631A4A05DD}.Release|Any CPU.Build.0 = Release|Any CPU
		{77E467DE-A83C-9E69-0847-02F281A25FB0}.Debug|Any CPU.ActiveCfg = Debug|Any CPU
		{77E467DE-A83C-9E69-0847-02F281A25FB0}.Debug|Any CPU.Build.0 = Debug|Any CPU
		{77E467DE-A83C-9E69-0847-02F281A25FB0}.Release|Any CPU.ActiveCfg = Release|Any CPU
		{77E467DE-A83C-9E69-0847-02F281A25FB0}.Release|Any CPU.Build.0 = Release|Any CPU
		{DFAC384E-C595-9C12-D240-328AB5BEBC75}.Debug|Any CPU.ActiveCfg = Debug|Any CPU
		{DFAC384E-C595-9C12-D240-328AB5BEBC75}.Debug|Any CPU.Build.0 = Debug|Any CPU
		{DFAC384E-C595-9C12-D240-328AB5BEBC75}.Release|Any CPU.ActiveCfg = Release|Any CPU
		{DFAC384E-C595-9C12-D240-328AB5BEBC75}.Release|Any CPU.Build.0 = Release|Any CPU
		{90202574-759D-5143-ECA3-F3912098B194}.Debug|Any CPU.ActiveCfg = Debug|Any CPU
		{90202574-759D-5143-ECA3-F3912098B194}.Debug|Any CPU.Build.0 = Debug|Any CPU
		{90202574-759D-5143-ECA3-F3912098B194}.Release|Any CPU.ActiveCfg = Release|Any CPU
		{90202574-759D-5143-ECA3-F3912098B194}.Release|Any CPU.Build.0 = Release|Any CPU
	EndGlobalSection
	GlobalSection(SolutionProperties) = preSolution
		HideSolutionNode = FALSE
	EndGlobalSection
EndGlobal
